
Microsoft Visual Studio Solution File, Format Version 12.00
# Visual Studio Version 17
VisualStudioVersion = 17.6.33723.286
MinimumVisualStudioVersion = 10.0.40219.1
Project("{9A19103F-16F7-4668-BE54-9A1E7A4F7556}") = "ChallengeApp", "ChallengeApp\ChallengeApp.csproj", "{32F444AF-0635-4A8E-86DF-3637337ABF52}"
EndProject
Project("{FAE04EC0-301F-11D3-BF4B-00C04F79EFBC}") = "ChallengeApp.Tests", "ChallengeApp.Tests\ChallengeApp.Tests.csproj", "{3F1AC62B-23AE-4F0A-B3B8-05A214D27AB2}"
EndProject
Global
	GlobalSection(SolutionConfigurationPlatforms) = preSolution
		Debug|Any CPU = Debug|Any CPU
		Release|Any CPU = Release|Any CPU
	EndGlobalSection
	GlobalSection(ProjectConfigurationPlatforms) = postSolution
		{32F444AF-0635-4A8E-86DF-3637337ABF52}.Debug|Any CPU.ActiveCfg = Debug|Any CPU
		{32F444AF-0635-4A8E-86DF-3637337ABF52}.Debug|Any CPU.Build.0 = Debug|Any CPU
		{32F444AF-0635-4A8E-86DF-3637337ABF52}.Release|Any CPU.ActiveCfg = Release|Any CPU
		{32F444AF-0635-4A8E-86DF-3637337ABF52}.Release|Any CPU.Build.0 = Release|Any CPU
		{3F1AC62B-23AE-4F0A-B3B8-05A214D27AB2}.Debug|Any CPU.ActiveCfg = Debug|Any CPU
		{3F1AC62B-23AE-4F0A-B3B8-05A214D27AB2}.Debug|Any CPU.Build.0 = Debug|Any CPU
		{3F1AC62B-23AE-4F0A-B3B8-05A214D27AB2}.Release|Any CPU.ActiveCfg = Release|Any CPU
		{3F1AC62B-23AE-4F0A-B3B8-05A214D27AB2}.Release|Any CPU.Build.0 = Release|Any CPU
	EndGlobalSection
	GlobalSection(SolutionProperties) = preSolution
		HideSolutionNode = FALSE
	EndGlobalSection
	GlobalSection(ExtensibilityGlobals) = postSolution
		SolutionGuid = {92FC8152-6D2E-425A-80AE-27B107261F94}
	EndGlobalSection
EndGlobal
